
Microsoft Visual Studio Solution File, Format Version 12.00
# Visual Studio Version 17
VisualStudioVersion = 17.5.33424.131
MinimumVisualStudioVersion = 10.0.40219.1
Project("{FAE04EC0-301F-11D3-BF4B-00C04F79EFBC}") = "Alchemist", "Alchemist.csproj", "{CBF63B6F-52E9-4027-A527-105E2821B959}"
EndProject
Global
	GlobalSection(SolutionConfigurationPlatforms) = preSolution
		Debug|Any CPU = Debug|Any CPU
		Release|Any CPU = Release|Any CPU
	EndGlobalSection
	GlobalSection(ProjectConfigurationPlatforms) = postSolution
		{CBF63B6F-52E9-4027-A527-105E2821B959}.Debug|Any CPU.ActiveCfg = Debug|Any CPU
		{CBF63B6F-52E9-4027-A527-105E2821B959}.Debug|Any CPU.Build.0 = Debug|Any CPU
		{CBF63B6F-52E9-4027-A527-105E2821B959}.Release|Any CPU.ActiveCfg = Release|Any CPU
		{CBF63B6F-52E9-4027-A527-105E2821B959}.Release|Any CPU.Build.0 = Release|Any CPU
	EndGlobalSection
	GlobalSection(SolutionProperties) = preSolution
		HideSolutionNode = FALSE
	EndGlobalSection
	GlobalSection(ExtensibilityGlobals) = postSolution
		SolutionGuid = {370881D9-C65B-4181-B108-DE945F139C91}
	EndGlobalSection
EndGlobal
